
Microsoft Visual Studio Solution File, Format Version 12.00
# Visual Studio 15
VisualStudioVersion = 15.0.27428.2037
MinimumVisualStudioVersion = 10.0.40219.1
Project("{FAE04EC0-301F-11D3-BF4B-00C04F79EFBC}") = "GeneratePerson", "GeneratePerson\GeneratePerson.csproj", "{8A1C2511-7A99-4FC9-BC2E-870BA6A7B3D3}"
EndProject
Project("{FAE04EC0-301F-11D3-BF4B-00C04F79EFBC}") = "GeneratePersonTest", "GeneratePersonTest\GeneratePersonTest.csproj", "{059AE85F-3E2A-4D83-888B-BA1E5AAAD952}"
EndProject
Global
	GlobalSection(SolutionConfigurationPlatforms) = preSolution
		Debug|Any CPU = Debug|Any CPU
		Release|Any CPU = Release|Any CPU
	EndGlobalSection
	GlobalSection(ProjectConfigurationPlatforms) = postSolution
		{8A1C2511-7A99-4FC9-BC2E-870BA6A7B3D3}.Debug|Any CPU.ActiveCfg = Debug|Any CPU
		{8A1C2511-7A99-4FC9-BC2E-870BA6A7B3D3}.Debug|Any CPU.Build.0 = Debug|Any CPU
		{8A1C2511-7A99-4FC9-BC2E-870BA6A7B3D3}.Release|Any CPU.ActiveCfg = Release|Any CPU
		{8A1C2511-7A99-4FC9-BC2E-870BA6A7B3D3}.Release|Any CPU.Build.0 = Release|Any CPU
		{059AE85F-3E2A-4D83-888B-BA1E5AAAD952}.Debug|Any CPU.ActiveCfg = Debug|Any CPU
		{059AE85F-3E2A-4D83-888B-BA1E5AAAD952}.Debug|Any CPU.Build.0 = Debug|Any CPU
		{059AE85F-3E2A-4D83-888B-BA1E5AAAD952}.Release|Any CPU.ActiveCfg = Release|Any CPU
		{059AE85F-3E2A-4D83-888B-BA1E5AAAD952}.Release|Any CPU.Build.0 = Release|Any CPU
	EndGlobalSection
	GlobalSection(SolutionProperties) = preSolution
		HideSolutionNode = FALSE
	EndGlobalSection
	GlobalSection(ExtensibilityGlobals) = postSolution
		SolutionGuid = {586FA37A-B115-489A-9A87-412CAE1DFC15}
	EndGlobalSection
EndGlobal
